{
  "name": "auth-client",
  "version": "0.1.0",
  "dependencies": {
    "bootstrap-sass": {
      "version": "3.3.5",
      "from": "bootstrap-sass@>=3.3.1 <4.0.0",
      "resolved": "https://registry.npmjs.org/bootstrap-sass/-/bootstrap-sass-3.3.5.tgz"
    },
    "es6-promise": {
      "version": "2.3.0",
      "from": "es6-promise@>=2.3.0 <3.0.0",
      "resolved": "https://registry.npmjs.org/es6-promise/-/es6-promise-2.3.0.tgz"
    },
    "fakexmlhttprequest": {
      "version": "0.0.1",
      "from": "fakexmlhttprequest@0.0.1",
      "resolved": "https://registry.npmjs.org/fakexmlhttprequest/-/fakexmlhttprequest-0.0.1.tgz"
    },
    "font-awesome": {
      "version": "4.4.0",
      "from": "font-awesome@>=4.2.0 <5.0.0",
      "resolved": "https://registry.npmjs.org/font-awesome/-/font-awesome-4.4.0.tgz"
    },
    "jquery": {
      "version": "2.1.4",
      "from": "jquery@>=2.1.3 <3.0.0",
      "resolved": "https://registry.npmjs.org/jquery/-/jquery-2.1.4.tgz"
    },
    "lodash": {
      "version": "2.4.2",
      "from": "lodash@>=2.4.1 <3.0.0",
      "resolved": "https://registry.npmjs.org/lodash/-/lodash-2.4.2.tgz"
    },
    "object-assign": {
      "version": "2.0.0",
      "from": "object-assign@2.0.0",
      "resolved": "https://registry.npmjs.org/object-assign/-/object-assign-2.0.0.tgz"
    },
    "react": {
      "version": "0.12.1",
      "from": "react@0.12.1",
      "resolved": "https://registry.npmjs.org/react/-/react-0.12.1.tgz",
      "dependencies": {
        "envify": {
          "version": "3.4.0",
          "from": "envify@>=3.0.0 <4.0.0",
          "resolved": "https://registry.npmjs.org/envify/-/envify-3.4.0.tgz",
          "dependencies": {
            "through": {
              "version": "2.3.8",
              "from": "through@>=2.3.4 <2.4.0",
              "resolved": "https://registry.npmjs.org/through/-/through-2.3.8.tgz"
            },
            "jstransform": {
              "version": "10.1.0",
              "from": "jstransform@>=10.0.1 <11.0.0",
              "resolved": "https://registry.npmjs.org/jstransform/-/jstransform-10.1.0.tgz",
              "dependencies": {
                "base62": {
                  "version": "0.1.1",
                  "from": "base62@0.1.1",
                  "resolved": "https://registry.npmjs.org/base62/-/base62-0.1.1.tgz"
                },
                "esprima-fb": {
                  "version": "13001.1001.0-dev-harmony-fb",
                  "from": "esprima-fb@13001.1001.0-dev-harmony-fb",
                  "resolved": "https://registry.npmjs.org/esprima-fb/-/esprima-fb-13001.1001.0-dev-harmony-fb.tgz"
                },
                "source-map": {
                  "version": "0.1.31",
                  "from": "source-map@0.1.31",
                  "resolved": "https://registry.npmjs.org/source-map/-/source-map-0.1.31.tgz",
                  "dependencies": {
                    "amdefine": {
                      "version": "1.0.0",
                      "from": "amdefine@>=0.0.4",
                      "resolved": "https://registry.npmjs.org/amdefine/-/amdefine-1.0.0.tgz"
                    }
                  }
                }
              }
            }
          }
        }
      }
    },
    "react-loader": {
      "version": "1.4.0",
      "from": "react-loader@>=1.4.0 <2.0.0",
      "resolved": "https://registry.npmjs.org/react-loader/-/react-loader-1.4.0.tgz",
      "dependencies": {
        "spin.js": {
          "version": "2.3.2",
          "from": "spin.js@>=2.0.0 <3.0.0",
          "resolved": "https://registry.npmjs.org/spin.js/-/spin.js-2.3.2.tgz"
        }
      }
    },
    "react-router": {
      "version": "0.11.6",
      "from": "react-router@0.11.6",
      "resolved": "https://registry.npmjs.org/react-router/-/react-router-0.11.6.tgz",
      "dependencies": {
        "qs": {
          "version": "2.2.2",
          "from": "qs@2.2.2",
          "resolved": "https://registry.npmjs.org/qs/-/qs-2.2.2.tgz"
        },
        "when": {
          "version": "3.4.6",
          "from": "when@3.4.6",
          "resolved": "https://registry.npmjs.org/when/-/when-3.4.6.tgz"
        }
      }
    },
    "reflux": {
      "version": "0.2.3",
      "from": "reflux@0.2.3",
      "resolved": "https://registry.npmjs.org/reflux/-/reflux-0.2.3.tgz",
      "dependencies": {
        "eventemitter3": {
          "version": "0.1.6",
          "from": "eventemitter3@>=0.1.2 <0.2.0",
          "resolved": "https://registry.npmjs.org/eventemitter3/-/eventemitter3-0.1.6.tgz"
        }
      }
    },
    "tcomb-form": {
      "version": "0.3.0-rc2",
      "from": "tcomb-form@0.3.0-rc2",
      "resolved": "https://registry.npmjs.org/tcomb-form/-/tcomb-form-0.3.0-rc2.tgz",
      "dependencies": {
        "tcomb-validation": {
          "version": "0.3.0",
          "from": "tcomb-validation@>=0.3.0 <0.4.0",
          "resolved": "https://registry.npmjs.org/tcomb-validation/-/tcomb-validation-0.3.0.tgz",
          "dependencies": {
            "tcomb": {
              "version": "0.4.0",
              "from": "tcomb@>=0.4.0 <0.5.0",
              "resolved": "https://registry.npmjs.org/tcomb/-/tcomb-0.4.0.tgz"
            }
          }
        },
        "uvdom": {
          "version": "0.1.2",
          "from": "uvdom@>=0.1.0 <0.2.0",
          "resolved": "https://registry.npmjs.org/uvdom/-/uvdom-0.1.2.tgz",
          "dependencies": {
            "classnames": {
              "version": "1.2.2",
              "from": "classnames@>=1.2.0 <2.0.0",
              "resolved": "https://registry.npmjs.org/classnames/-/classnames-1.2.2.tgz"
            }
          }
        },
        "uvdom-bootstrap": {
          "version": "0.1.4",
          "from": "uvdom-bootstrap@>=0.1.1 <0.2.0",
          "resolved": "https://registry.npmjs.org/uvdom-bootstrap/-/uvdom-bootstrap-0.1.4.tgz"
        }
      }
    },
    "tcomb-json-schema": {
      "version": "0.1.1",
      "from": "tcomb-json-schema@0.1.1",
      "resolved": "https://registry.npmjs.org/tcomb-json-schema/-/tcomb-json-schema-0.1.1.tgz",
      "dependencies": {
        "tcomb": {
          "version": "0.4.0",
          "from": "tcomb@>=0.4.0 <0.5.0",
          "resolved": "https://registry.npmjs.org/tcomb/-/tcomb-0.4.0.tgz"
        },
        "fcomb": {
          "version": "0.1.0",
          "from": "fcomb@>=0.1.0 <0.2.0",
          "resolved": "https://registry.npmjs.org/fcomb/-/fcomb-0.1.0.tgz"
        }
      }
    }
  }
}
